
Microsoft Visual Studio Solution File, Format Version 12.00
# Visual Studio 15
VisualStudioVersion = 15.0.26730.16
MinimumVisualStudioVersion = 10.0.40219.1
Project("{FAE04EC0-301F-11D3-BF4B-00C04F79EFBC}") = "WpfDataImporter", "WpfDataImporter\WpfDataImporter.csproj", "{C67776BB-CF73-481E-88AB-80FB8A0EE00F}"
EndProject
Project("{FAE04EC0-301F-11D3-BF4B-00C04F79EFBC}") = "data-models", "data-models\data-models.csproj", "{171019FB-FCEE-4F30-A67B-C0C50AD90AE5}"
EndProject
Project("{FAE04EC0-301F-11D3-BF4B-00C04F79EFBC}") = "BettingUI", "BettingUI\BettingUI.csproj", "{04BCD0B4-0BB4-4FD0-96C8-70C92E7F114D}"
EndProject
Project("{FAE04EC0-301F-11D3-BF4B-00C04F79EFBC}") = "BettingStrategies", "BettingStrategies\BettingStrategies.csproj", "{1A1288B6-84EB-449D-A101-6D801C424D87}"
EndProject
Project("{FAE04EC0-301F-11D3-BF4B-00C04F79EFBC}") = "football-data-importer", "football-data-importer\football-data-importer.csproj", "{D401177D-20B2-4D09-A03B-B281379E84FC}"
EndProject
Project("{FAE04EC0-301F-11D3-BF4B-00C04F79EFBC}") = "football-data-unittest", "football-data-unittest\football-data-unittest.csproj", "{387C7BE8-F0CA-40A4-AC80-4EBD19ED7404}"
EndProject
Project("{FAE04EC0-301F-11D3-BF4B-00C04F79EFBC}") = "twitter-importer", "twitter-importer\twitter-importer.csproj", "{0CE488E8-9145-4CDF-AA12-35F5103527A6}"
EndProject
Global
	GlobalSection(SolutionConfigurationPlatforms) = preSolution
		Debug|Any CPU = Debug|Any CPU
		Release|Any CPU = Release|Any CPU
	EndGlobalSection
	GlobalSection(ProjectConfigurationPlatforms) = postSolution
		{C67776BB-CF73-481E-88AB-80FB8A0EE00F}.Debug|Any CPU.ActiveCfg = Debug|Any CPU
		{C67776BB-CF73-481E-88AB-80FB8A0EE00F}.Debug|Any CPU.Build.0 = Debug|Any CPU
		{C67776BB-CF73-481E-88AB-80FB8A0EE00F}.Release|Any CPU.ActiveCfg = Release|Any CPU
		{C67776BB-CF73-481E-88AB-80FB8A0EE00F}.Release|Any CPU.Build.0 = Release|Any CPU
		{171019FB-FCEE-4F30-A67B-C0C50AD90AE5}.Debug|Any CPU.ActiveCfg = Debug|Any CPU
		{171019FB-FCEE-4F30-A67B-C0C50AD90AE5}.Debug|Any CPU.Build.0 = Debug|Any CPU
		{171019FB-FCEE-4F30-A67B-C0C50AD90AE5}.Release|Any CPU.ActiveCfg = Release|Any CPU
		{171019FB-FCEE-4F30-A67B-C0C50AD90AE5}.Release|Any CPU.Build.0 = Release|Any CPU
		{04BCD0B4-0BB4-4FD0-96C8-70C92E7F114D}.Debug|Any CPU.ActiveCfg = Debug|Any CPU
		{04BCD0B4-0BB4-4FD0-96C8-70C92E7F114D}.Debug|Any CPU.Build.0 = Debug|Any CPU
		{04BCD0B4-0BB4-4FD0-96C8-70C92E7F114D}.Release|Any CPU.ActiveCfg = Release|Any CPU
		{04BCD0B4-0BB4-4FD0-96C8-70C92E7F114D}.Release|Any CPU.Build.0 = Release|Any CPU
		{1A1288B6-84EB-449D-A101-6D801C424D87}.Debug|Any CPU.ActiveCfg = Debug|Any CPU
		{1A1288B6-84EB-449D-A101-6D801C424D87}.Debug|Any CPU.Build.0 = Debug|Any CPU
		{1A1288B6-84EB-449D-A101-6D801C424D87}.Release|Any CPU.ActiveCfg = Release|Any CPU
		{1A1288B6-84EB-449D-A101-6D801C424D87}.Release|Any CPU.Build.0 = Release|Any CPU
		{D401177D-20B2-4D09-A03B-B281379E84FC}.Debug|Any CPU.ActiveCfg = Debug|Any CPU
		{D401177D-20B2-4D09-A03B-B281379E84FC}.Debug|Any CPU.Build.0 = Debug|Any CPU
		{D401177D-20B2-4D09-A03B-B281379E84FC}.Release|Any CPU.ActiveCfg = Release|Any CPU
		{D401177D-20B2-4D09-A03B-B281379E84FC}.Release|Any CPU.Build.0 = Release|Any CPU
		{387C7BE8-F0CA-40A4-AC80-4EBD19ED7404}.Debug|Any CPU.ActiveCfg = Debug|Any CPU
		{387C7BE8-F0CA-40A4-AC80-4EBD19ED7404}.Debug|Any CPU.Build.0 = Debug|Any CPU
		{387C7BE8-F0CA-40A4-AC80-4EBD19ED7404}.Release|Any CPU.ActiveCfg = Release|Any CPU
		{387C7BE8-F0CA-40A4-AC80-4EBD19ED7404}.Release|Any CPU.Build.0 = Release|Any CPU
		{0CE488E8-9145-4CDF-AA12-35F5103527A6}.Debug|Any CPU.ActiveCfg = Debug|Any CPU
		{0CE488E8-9145-4CDF-AA12-35F5103527A6}.Debug|Any CPU.Build.0 = Debug|Any CPU
		{0CE488E8-9145-4CDF-AA12-35F5103527A6}.Release|Any CPU.ActiveCfg = Release|Any CPU
		{0CE488E8-9145-4CDF-AA12-35F5103527A6}.Release|Any CPU.Build.0 = Release|Any CPU
	EndGlobalSection
	GlobalSection(SolutionProperties) = preSolution
		HideSolutionNode = FALSE
	EndGlobalSection
	GlobalSection(ExtensibilityGlobals) = postSolution
		SolutionGuid = {61510096-0A8D-4727-9939-2C41ECE37AD6}
	EndGlobalSection
EndGlobal
